
Microsoft Visual Studio Solution File, Format Version 12.00
# Visual Studio Version 16
VisualStudioVersion = 16.0.31424.327
MinimumVisualStudioVersion = 10.0.40219.1
Project("{8BC9CEB8-8B4A-11D0-8D11-00A0C91BC942}") = "注释", "注释\注释.vcxproj", "{053DC1D8-2330-4FF8-89F5-8DAB3A00A5F1}"
EndProject
Project("{8BC9CEB8-8B4A-11D0-8D11-00A0C91BC942}") = "常量", "常量\常量.vcxproj", "{7285DFE0-A752-4925-A79A-3CFBA9AB9940}"
EndProject
Project("{8BC9CEB8-8B4A-11D0-8D11-00A0C91BC942}") = "标识符", "关键字\关键字.vcxproj", "{84F6A774-ECD1-448D-8D88-1064C43FB370}"
EndProject
Project("{8BC9CEB8-8B4A-11D0-8D11-00A0C91BC942}") = "数据类型", "数据类型\数据类型.vcxproj", "{739702A6-4B2C-4426-928F-0100239D45D4}"
EndProject
Project("{2150E333-8FDC-42A3-9474-1A3956D46DE8}") = "Solution Items", "Solution Items", "{EAA0D4A0-8D7E-4480-A9D8-7B56919D4CFE}"
	ProjectSection(SolutionItems) = preProject
		README.md = README.md
		images\默认构造函数.png = images\默认构造函数.png
	EndProjectSection
EndProject
Project("{8BC9CEB8-8B4A-11D0-8D11-00A0C91BC942}") = "流程结构", "流程结构\流程结构.vcxproj", "{B59B048E-CD95-4AFF-8C5C-29831D6787FC}"
EndProject
Project("{8BC9CEB8-8B4A-11D0-8D11-00A0C91BC942}") = "数组", "数组\数组.vcxproj", "{0AF9A489-21A9-4105-9AD8-90F485E7A105}"
EndProject
Project("{8BC9CEB8-8B4A-11D0-8D11-00A0C91BC942}") = "函数", "函数\函数.vcxproj", "{520A4C81-8EE0-49F0-B049-9D778E715012}"
EndProject
Project("{8BC9CEB8-8B4A-11D0-8D11-00A0C91BC942}") = "指针", "指针\指针.vcxproj", "{DE2D6989-1DED-437E-831D-D88E75300D76}"
EndProject
Project("{8BC9CEB8-8B4A-11D0-8D11-00A0C91BC942}") = "结构体", "结构体\结构体.vcxproj", "{D22E3600-2430-4F44-8B61-6DBD26045F2B}"
EndProject
Project("{8BC9CEB8-8B4A-11D0-8D11-00A0C91BC942}") = "内存四区", "内存四区\内存四区.vcxproj", "{6A2AD058-64E5-4849-AA3B-8D0A31D7A225}"
EndProject
Project("{8BC9CEB8-8B4A-11D0-8D11-00A0C91BC942}") = "引用", "引用\引用.vcxproj", "{194DDF31-6B3B-44F0-9BBF-C2E3626246E6}"
EndProject
Project("{8BC9CEB8-8B4A-11D0-8D11-00A0C91BC942}") = "类和对象", "类和对象\类和对象.vcxproj", "{61899E39-6C73-499E-8C80-A2705A633CEB}"
EndProject
Project("{8BC9CEB8-8B4A-11D0-8D11-00A0C91BC942}") = "友元", "友元\友元.vcxproj", "{7C19502C-C132-427D-949E-B94337EC32FA}"
EndProject
Project("{8BC9CEB8-8B4A-11D0-8D11-00A0C91BC942}") = "运算符重载", "运算符重载\运算符重载.vcxproj", "{4F20A75E-A4FE-4359-8BA2-C4C9CC357DC3}"
EndProject
Project("{8BC9CEB8-8B4A-11D0-8D11-00A0C91BC942}") = "继承", "继承\继承.vcxproj", "{B573EC3B-39F0-48F2-AAF4-D9BBBEDAFDF2}"
EndProject
Project("{8BC9CEB8-8B4A-11D0-8D11-00A0C91BC942}") = "多态", "多态\多态.vcxproj", "{5EB49EC3-81A8-40E7-A53F-F91F1C26ADF2}"
EndProject
Project("{8BC9CEB8-8B4A-11D0-8D11-00A0C91BC942}") = "文件操作", "文件操作\文件操作.vcxproj", "{42DF842E-97FB-45DE-AFBA-F09A65138ADD}"
EndProject
Project("{8BC9CEB8-8B4A-11D0-8D11-00A0C91BC942}") = "模板", "模板\模板.vcxproj", "{236F0E42-E831-42A3-8120-5133B100AFBD}"
EndProject
Project("{8BC9CEB8-8B4A-11D0-8D11-00A0C91BC942}") = "标准模板库(STL)", "标准模板库(STL)\标准模板库(STL).vcxproj", "{8A9A20F8-EF92-4844-AD01-1DD34F3418E9}"
EndProject
Project("{8BC9CEB8-8B4A-11D0-8D11-00A0C91BC942}") = "STL-string容器", "STL-string容器\STL-string容器.vcxproj", "{09E44126-9783-4CF8-AF3C-31CF74C181D5}"
EndProject
Project("{8BC9CEB8-8B4A-11D0-8D11-00A0C91BC942}") = "STL-vector容器", "STL-vector容器\STL-vector容器.vcxproj", "{BB90B2AC-6670-42F1-9F9C-233F5C5DDF45}"
EndProject
Project("{8BC9CEB8-8B4A-11D0-8D11-00A0C91BC942}") = "STL-list容器", "STL-list容器\STL-list容器.vcxproj", "{27F3B4CC-32B9-445F-9E6E-CCC0F7A06077}"
EndProject
Project("{8BC9CEB8-8B4A-11D0-8D11-00A0C91BC942}") = "STL-deque容器", "STL-deque容器\STL-deque容器.vcxproj", "{CB4DF0BF-2878-4250-9C8E-A3BACFD772CB}"
EndProject
Project("{8BC9CEB8-8B4A-11D0-8D11-00A0C91BC942}") = "STL-map", "STL-map\STL-map.vcxproj", "{7568E75F-B2DB-40FC-81C3-9826F25D55D0}"
EndProject
Project("{8BC9CEB8-8B4A-11D0-8D11-00A0C91BC942}") = "STL-stack", "STL-stack\STL-stack.vcxproj", "{700A3FB9-F373-4514-994D-B83A8F336FDC}"
EndProject
Project("{8BC9CEB8-8B4A-11D0-8D11-00A0C91BC942}") = "STL-queue", "STL-queue\STL-queue.vcxproj", "{FC5AB3D6-1199-43AC-AF8B-51821F2C9359}"
EndProject
Project("{8BC9CEB8-8B4A-11D0-8D11-00A0C91BC942}") = "STL-set容器", "STL-set容器\STL-set容器.vcxproj", "{16994A0E-E2A1-40E8-BF20-8F53E45C6A10}"
EndProject
Project("{8BC9CEB8-8B4A-11D0-8D11-00A0C91BC942}") = "STL-函数对象", "STL-函数对象\STL-函数对象.vcxproj", "{B0CFFB33-F990-4877-85A9-C32B52FB9E28}"
EndProject
Project("{8BC9CEB8-8B4A-11D0-8D11-00A0C91BC942}") = "常用算法", "常用算法\常用算法.vcxproj", "{C2117F39-928A-45E0-8661-B612D616DFE0}"
EndProject
Project("{8BC9CEB8-8B4A-11D0-8D11-00A0C91BC942}") = "枚举", "枚举\枚举.vcxproj", "{DE8C801C-4F50-4C54-ABDE-DE871B6E9D9F}"
EndProject
Project("{8BC9CEB8-8B4A-11D0-8D11-00A0C91BC942}") = "c语言字符串", "c语言字符串\c语言字符串.vcxproj", "{7E6BC67E-DF94-4A4B-AD15-6E27754839E1}"
EndProject
Project("{8BC9CEB8-8B4A-11D0-8D11-00A0C91BC942}") = "c语言共同体", "c语言共同体\c语言共同体.vcxproj", "{4D60B01D-CF57-481C-A38E-DCDCB03EF60A}"
EndProject
Project("{8BC9CEB8-8B4A-11D0-8D11-00A0C91BC942}") = "c语言动态内存分配", "c语言动态内存分配\c语言动态内存分配.vcxproj", "{9214D864-8DDE-4ADC-AB3E-EF8DA4FC737C}"
EndProject
Global
	GlobalSection(SolutionConfigurationPlatforms) = preSolution
		Debug|x64 = Debug|x64
		Debug|x86 = Debug|x86
		Release|x64 = Release|x64
		Release|x86 = Release|x86
	EndGlobalSection
	GlobalSection(ProjectConfigurationPlatforms) = postSolution
		{053DC1D8-2330-4FF8-89F5-8DAB3A00A5F1}.Debug|x64.ActiveCfg = Debug|x64
		{053DC1D8-2330-4FF8-89F5-8DAB3A00A5F1}.Debug|x64.Build.0 = Debug|x64
		{053DC1D8-2330-4FF8-89F5-8DAB3A00A5F1}.Debug|x86.ActiveCfg = Debug|Win32
		{053DC1D8-2330-4FF8-89F5-8DAB3A00A5F1}.Debug|x86.Build.0 = Debug|Win32
		{053DC1D8-2330-4FF8-89F5-8DAB3A00A5F1}.Release|x64.ActiveCfg = Release|x64
		{053DC1D8-2330-4FF8-89F5-8DAB3A00A5F1}.Release|x64.Build.0 = Release|x64
		{053DC1D8-2330-4FF8-89F5-8DAB3A00A5F1}.Release|x86.ActiveCfg = Release|Win32
		{053DC1D8-2330-4FF8-89F5-8DAB3A00A5F1}.Release|x86.Build.0 = Release|Win32
		{7285DFE0-A752-4925-A79A-3CFBA9AB9940}.Debug|x64.ActiveCfg = Debug|x64
		{7285DFE0-A752-4925-A79A-3CFBA9AB9940}.Debug|x64.Build.0 = Debug|x64
		{7285DFE0-A752-4925-A79A-3CFBA9AB9940}.Debug|x86.ActiveCfg = Debug|Win32
		{7285DFE0-A752-4925-A79A-3CFBA9AB9940}.Debug|x86.Build.0 = Debug|Win32
		{7285DFE0-A752-4925-A79A-3CFBA9AB9940}.Release|x64.ActiveCfg = Release|x64
		{7285DFE0-A752-4925-A79A-3CFBA9AB9940}.Release|x64.Build.0 = Release|x64
		{7285DFE0-A752-4925-A79A-3CFBA9AB9940}.Release|x86.ActiveCfg = Release|Win32
		{7285DFE0-A752-4925-A79A-3CFBA9AB9940}.Release|x86.Build.0 = Release|Win32
		{84F6A774-ECD1-448D-8D88-1064C43FB370}.Debug|x64.ActiveCfg = Debug|x64
		{84F6A774-ECD1-448D-8D88-1064C43FB370}.Debug|x64.Build.0 = Debug|x64
		{84F6A774-ECD1-448D-8D88-1064C43FB370}.Debug|x86.ActiveCfg = Debug|Win32
		{84F6A774-ECD1-448D-8D88-1064C43FB370}.Debug|x86.Build.0 = Debug|Win32
		{84F6A774-ECD1-448D-8D88-1064C43FB370}.Release|x64.ActiveCfg = Release|x64
		{84F6A774-ECD1-448D-8D88-1064C43FB370}.Release|x64.Build.0 = Release|x64
		{84F6A774-ECD1-448D-8D88-1064C43FB370}.Release|x86.ActiveCfg = Release|Win32
		{84F6A774-ECD1-448D-8D88-1064C43FB370}.Release|x86.Build.0 = Release|Win32
		{739702A6-4B2C-4426-928F-0100239D45D4}.Debug|x64.ActiveCfg = Debug|x64
		{739702A6-4B2C-4426-928F-0100239D45D4}.Debug|x64.Build.0 = Debug|x64
		{739702A6-4B2C-4426-928F-0100239D45D4}.Debug|x86.ActiveCfg = Debug|Win32
		{739702A6-4B2C-4426-928F-0100239D45D4}.Debug|x86.Build.0 = Debug|Win32
		{739702A6-4B2C-4426-928F-0100239D45D4}.Release|x64.ActiveCfg = Release|x64
		{739702A6-4B2C-4426-928F-0100239D45D4}.Release|x64.Build.0 = Release|x64
		{739702A6-4B2C-4426-928F-0100239D45D4}.Release|x86.ActiveCfg = Release|Win32
		{739702A6-4B2C-4426-928F-0100239D45D4}.Release|x86.Build.0 = Release|Win32
		{B59B048E-CD95-4AFF-8C5C-29831D6787FC}.Debug|x64.ActiveCfg = Debug|x64
		{B59B048E-CD95-4AFF-8C5C-29831D6787FC}.Debug|x64.Build.0 = Debug|x64
		{B59B048E-CD95-4AFF-8C5C-29831D6787FC}.Debug|x86.ActiveCfg = Debug|Win32
		{B59B048E-CD95-4AFF-8C5C-29831D6787FC}.Debug|x86.Build.0 = Debug|Win32
		{B59B048E-CD95-4AFF-8C5C-29831D6787FC}.Release|x64.ActiveCfg = Release|x64
		{B59B048E-CD95-4AFF-8C5C-29831D6787FC}.Release|x64.Build.0 = Release|x64
		{B59B048E-CD95-4AFF-8C5C-29831D6787FC}.Release|x86.ActiveCfg = Release|Win32
		{B59B048E-CD95-4AFF-8C5C-29831D6787FC}.Release|x86.Build.0 = Release|Win32
		{0AF9A489-21A9-4105-9AD8-90F485E7A105}.Debug|x64.ActiveCfg = Debug|x64
		{0AF9A489-21A9-4105-9AD8-90F485E7A105}.Debug|x64.Build.0 = Debug|x64
		{0AF9A489-21A9-4105-9AD8-90F485E7A105}.Debug|x86.ActiveCfg = Debug|Win32
		{0AF9A489-21A9-4105-9AD8-90F485E7A105}.Debug|x86.Build.0 = Debug|Win32
		{0AF9A489-21A9-4105-9AD8-90F485E7A105}.Release|x64.ActiveCfg = Release|x64
		{0AF9A489-21A9-4105-9AD8-90F485E7A105}.Release|x64.Build.0 = Release|x64
		{0AF9A489-21A9-4105-9AD8-90F485E7A105}.Release|x86.ActiveCfg = Release|Win32
		{0AF9A489-21A9-4105-9AD8-90F485E7A105}.Release|x86.Build.0 = Release|Win32
		{520A4C81-8EE0-49F0-B049-9D778E715012}.Debug|x64.ActiveCfg = Debug|x64
		{520A4C81-8EE0-49F0-B049-9D778E715012}.Debug|x64.Build.0 = Debug|x64
		{520A4C81-8EE0-49F0-B049-9D778E715012}.Debug|x86.ActiveCfg = Debug|Win32
		{520A4C81-8EE0-49F0-B049-9D778E715012}.Debug|x86.Build.0 = Debug|Win32
		{520A4C81-8EE0-49F0-B049-9D778E715012}.Release|x64.ActiveCfg = Release|x64
		{520A4C81-8EE0-49F0-B049-9D778E715012}.Release|x64.Build.0 = Release|x64
		{520A4C81-8EE0-49F0-B049-9D778E715012}.Release|x86.ActiveCfg = Release|Win32
		{520A4C81-8EE0-49F0-B049-9D778E715012}.Release|x86.Build.0 = Release|Win32
		{DE2D6989-1DED-437E-831D-D88E75300D76}.Debug|x64.ActiveCfg = Debug|x64
		{DE2D6989-1DED-437E-831D-D88E75300D76}.Debug|x64.Build.0 = Debug|x64
		{DE2D6989-1DED-437E-831D-D88E75300D76}.Debug|x86.ActiveCfg = Debug|Win32
		{DE2D6989-1DED-437E-831D-D88E75300D76}.Debug|x86.Build.0 = Debug|Win32
		{DE2D6989-1DED-437E-831D-D88E75300D76}.Release|x64.ActiveCfg = Release|x64
		{DE2D6989-1DED-437E-831D-D88E75300D76}.Release|x64.Build.0 = Release|x64
		{DE2D6989-1DED-437E-831D-D88E75300D76}.Release|x86.ActiveCfg = Release|Win32
		{DE2D6989-1DED-437E-831D-D88E75300D76}.Release|x86.Build.0 = Release|Win32
		{D22E3600-2430-4F44-8B61-6DBD26045F2B}.Debug|x64.ActiveCfg = Debug|x64
		{D22E3600-2430-4F44-8B61-6DBD26045F2B}.Debug|x64.Build.0 = Debug|x64
		{D22E3600-2430-4F44-8B61-6DBD26045F2B}.Debug|x86.ActiveCfg = Debug|Win32
		{D22E3600-2430-4F44-8B61-6DBD26045F2B}.Debug|x86.Build.0 = Debug|Win32
		{D22E3600-2430-4F44-8B61-6DBD26045F2B}.Release|x64.ActiveCfg = Release|x64
		{D22E3600-2430-4F44-8B61-6DBD26045F2B}.Release|x64.Build.0 = Release|x64
		{D22E3600-2430-4F44-8B61-6DBD26045F2B}.Release|x86.ActiveCfg = Release|Win32
		{D22E3600-2430-4F44-8B61-6DBD26045F2B}.Release|x86.Build.0 = Release|Win32
		{6A2AD058-64E5-4849-AA3B-8D0A31D7A225}.Debug|x64.ActiveCfg = Debug|x64
		{6A2AD058-64E5-4849-AA3B-8D0A31D7A225}.Debug|x64.Build.0 = Debug|x64
		{6A2AD058-64E5-4849-AA3B-8D0A31D7A225}.Debug|x86.ActiveCfg = Debug|Win32
		{6A2AD058-64E5-4849-AA3B-8D0A31D7A225}.Debug|x86.Build.0 = Debug|Win32
		{6A2AD058-64E5-4849-AA3B-8D0A31D7A225}.Release|x64.ActiveCfg = Release|x64
		{6A2AD058-64E5-4849-AA3B-8D0A31D7A225}.Release|x64.Build.0 = Release|x64
		{6A2AD058-64E5-4849-AA3B-8D0A31D7A225}.Release|x86.ActiveCfg = Release|Win32
		{6A2AD058-64E5-4849-AA3B-8D0A31D7A225}.Release|x86.Build.0 = Release|Win32
		{194DDF31-6B3B-44F0-9BBF-C2E3626246E6}.Debug|x64.ActiveCfg = Debug|x64
		{194DDF31-6B3B-44F0-9BBF-C2E3626246E6}.Debug|x64.Build.0 = Debug|x64
		{194DDF31-6B3B-44F0-9BBF-C2E3626246E6}.Debug|x86.ActiveCfg = Debug|Win32
		{194DDF31-6B3B-44F0-9BBF-C2E3626246E6}.Debug|x86.Build.0 = Debug|Win32
		{194DDF31-6B3B-44F0-9BBF-C2E3626246E6}.Release|x64.ActiveCfg = Release|x64
		{194DDF31-6B3B-44F0-9BBF-C2E3626246E6}.Release|x64.Build.0 = Release|x64
		{194DDF31-6B3B-44F0-9BBF-C2E3626246E6}.Release|x86.ActiveCfg = Release|Win32
		{194DDF31-6B3B-44F0-9BBF-C2E3626246E6}.Release|x86.Build.0 = Release|Win32
		{61899E39-6C73-499E-8C80-A2705A633CEB}.Debug|x64.ActiveCfg = Debug|x64
		{61899E39-6C73-499E-8C80-A2705A633CEB}.Debug|x64.Build.0 = Debug|x64
		{61899E39-6C73-499E-8C80-A2705A633CEB}.Debug|x86.ActiveCfg = Debug|Win32
		{61899E39-6C73-499E-8C80-A2705A633CEB}.Debug|x86.Build.0 = Debug|Win32
		{61899E39-6C73-499E-8C80-A2705A633CEB}.Release|x64.ActiveCfg = Release|x64
		{61899E39-6C73-499E-8C80-A2705A633CEB}.Release|x64.Build.0 = Release|x64
		{61899E39-6C73-499E-8C80-A2705A633CEB}.Release|x86.ActiveCfg = Release|Win32
		{61899E39-6C73-499E-8C80-A2705A633CEB}.Release|x86.Build.0 = Release|Win32
		{7C19502C-C132-427D-949E-B94337EC32FA}.Debug|x64.ActiveCfg = Debug|x64
		{7C19502C-C132-427D-949E-B94337EC32FA}.Debug|x64.Build.0 = Debug|x64
		{7C19502C-C132-427D-949E-B94337EC32FA}.Debug|x86.ActiveCfg = Debug|Win32
		{7C19502C-C132-427D-949E-B94337EC32FA}.Debug|x86.Build.0 = Debug|Win32
		{7C19502C-C132-427D-949E-B94337EC32FA}.Release|x64.ActiveCfg = Release|x64
		{7C19502C-C132-427D-949E-B94337EC32FA}.Release|x64.Build.0 = Release|x64
		{7C19502C-C132-427D-949E-B94337EC32FA}.Release|x86.ActiveCfg = Release|Win32
		{7C19502C-C132-427D-949E-B94337EC32FA}.Release|x86.Build.0 = Release|Win32
		{4F20A75E-A4FE-4359-8BA2-C4C9CC357DC3}.Debug|x64.ActiveCfg = Debug|x64
		{4F20A75E-A4FE-4359-8BA2-C4C9CC357DC3}.Debug|x64.Build.0 = Debug|x64
		{4F20A75E-A4FE-4359-8BA2-C4C9CC357DC3}.Debug|x86.ActiveCfg = Debug|Win32
		{4F20A75E-A4FE-4359-8BA2-C4C9CC357DC3}.Debug|x86.Build.0 = Debug|Win32
		{4F20A75E-A4FE-4359-8BA2-C4C9CC357DC3}.Release|x64.ActiveCfg = Release|x64
		{4F20A75E-A4FE-4359-8BA2-C4C9CC357DC3}.Release|x64.Build.0 = Release|x64
		{4F20A75E-A4FE-4359-8BA2-C4C9CC357DC3}.Release|x86.ActiveCfg = Release|Win32
		{4F20A75E-A4FE-4359-8BA2-C4C9CC357DC3}.Release|x86.Build.0 = Release|Win32
		{B573EC3B-39F0-48F2-AAF4-D9BBBEDAFDF2}.Debug|x64.ActiveCfg = Debug|x64
		{B573EC3B-39F0-48F2-AAF4-D9BBBEDAFDF2}.Debug|x64.Build.0 = Debug|x64
		{B573EC3B-39F0-48F2-AAF4-D9BBBEDAFDF2}.Debug|x86.ActiveCfg = Debug|Win32
		{B573EC3B-39F0-48F2-AAF4-D9BBBEDAFDF2}.Debug|x86.Build.0 = Debug|Win32
		{B573EC3B-39F0-48F2-AAF4-D9BBBEDAFDF2}.Release|x64.ActiveCfg = Release|x64
		{B573EC3B-39F0-48F2-AAF4-D9BBBEDAFDF2}.Release|x64.Build.0 = Release|x64
		{B573EC3B-39F0-48F2-AAF4-D9BBBEDAFDF2}.Release|x86.ActiveCfg = Release|Win32
		{B573EC3B-39F0-48F2-AAF4-D9BBBEDAFDF2}.Release|x86.Build.0 = Release|Win32
		{5EB49EC3-81A8-40E7-A53F-F91F1C26ADF2}.Debug|x64.ActiveCfg = Debug|x64
		{5EB49EC3-81A8-40E7-A53F-F91F1C26ADF2}.Debug|x64.Build.0 = Debug|x64
		{5EB49EC3-81A8-40E7-A53F-F91F1C26ADF2}.Debug|x86.ActiveCfg = Debug|Win32
		{5EB49EC3-81A8-40E7-A53F-F91F1C26ADF2}.Debug|x86.Build.0 = Debug|Win32
		{5EB49EC3-81A8-40E7-A53F-F91F1C26ADF2}.Release|x64.ActiveCfg = Release|x64
		{5EB49EC3-81A8-40E7-A53F-F91F1C26ADF2}.Release|x64.Build.0 = Release|x64
		{5EB49EC3-81A8-40E7-A53F-F91F1C26ADF2}.Release|x86.ActiveCfg = Release|Win32
		{5EB49EC3-81A8-40E7-A53F-F91F1C26ADF2}.Release|x86.Build.0 = Release|Win32
		{42DF842E-97FB-45DE-AFBA-F09A65138ADD}.Debug|x64.ActiveCfg = Debug|x64
		{42DF842E-97FB-45DE-AFBA-F09A65138ADD}.Debug|x64.Build.0 = Debug|x64
		{42DF842E-97FB-45DE-AFBA-F09A65138ADD}.Debug|x86.ActiveCfg = Debug|Win32
		{42DF842E-97FB-45DE-AFBA-F09A65138ADD}.Debug|x86.Build.0 = Debug|Win32
		{42DF842E-97FB-45DE-AFBA-F09A65138ADD}.Release|x64.ActiveCfg = Release|x64
		{42DF842E-97FB-45DE-AFBA-F09A65138ADD}.Release|x64.Build.0 = Release|x64
		{42DF842E-97FB-45DE-AFBA-F09A65138ADD}.Release|x86.ActiveCfg = Release|Win32
		{42DF842E-97FB-45DE-AFBA-F09A65138ADD}.Release|x86.Build.0 = Release|Win32
		{236F0E42-E831-42A3-8120-5133B100AFBD}.Debug|x64.ActiveCfg = Debug|x64
		{236F0E42-E831-42A3-8120-5133B100AFBD}.Debug|x64.Build.0 = Debug|x64
		{236F0E42-E831-42A3-8120-5133B100AFBD}.Debug|x86.ActiveCfg = Debug|Win32
		{236F0E42-E831-42A3-8120-5133B100AFBD}.Debug|x86.Build.0 = Debug|Win32
		{236F0E42-E831-42A3-8120-5133B100AFBD}.Release|x64.ActiveCfg = Release|x64
		{236F0E42-E831-42A3-8120-5133B100AFBD}.Release|x64.Build.0 = Release|x64
		{236F0E42-E831-42A3-8120-5133B100AFBD}.Release|x86.ActiveCfg = Release|Win32
		{236F0E42-E831-42A3-8120-5133B100AFBD}.Release|x86.Build.0 = Release|Win32
		{8A9A20F8-EF92-4844-AD01-1DD34F3418E9}.Debug|x64.ActiveCfg = Debug|x64
		{8A9A20F8-EF92-4844-AD01-1DD34F3418E9}.Debug|x64.Build.0 = Debug|x64
		{8A9A20F8-EF92-4844-AD01-1DD34F3418E9}.Debug|x86.ActiveCfg = Debug|Win32
		{8A9A20F8-EF92-4844-AD01-1DD34F3418E9}.Debug|x86.Build.0 = Debug|Win32
		{8A9A20F8-EF92-4844-AD01-1DD34F3418E9}.Release|x64.ActiveCfg = Release|x64
		{8A9A20F8-EF92-4844-AD01-1DD34F3418E9}.Release|x64.Build.0 = Release|x64
		{8A9A20F8-EF92-4844-AD01-1DD34F3418E9}.Release|x86.ActiveCfg = Release|Win32
		{8A9A20F8-EF92-4844-AD01-1DD34F3418E9}.Release|x86.Build.0 = Release|Win32
		{09E44126-9783-4CF8-AF3C-31CF74C181D5}.Debug|x64.ActiveCfg = Debug|x64
		{09E44126-9783-4CF8-AF3C-31CF74C181D5}.Debug|x64.Build.0 = Debug|x64
		{09E44126-9783-4CF8-AF3C-31CF74C181D5}.Debug|x86.ActiveCfg = Debug|Win32
		{09E44126-9783-4CF8-AF3C-31CF74C181D5}.Debug|x86.Build.0 = Debug|Win32
		{09E44126-9783-4CF8-AF3C-31CF74C181D5}.Release|x64.ActiveCfg = Release|x64
		{09E44126-9783-4CF8-AF3C-31CF74C181D5}.Release|x64.Build.0 = Release|x64
		{09E44126-9783-4CF8-AF3C-31CF74C181D5}.Release|x86.ActiveCfg = Release|Win32
		{09E44126-9783-4CF8-AF3C-31CF74C181D5}.Release|x86.Build.0 = Release|Win32
		{BB90B2AC-6670-42F1-9F9C-233F5C5DDF45}.Debug|x64.ActiveCfg = Debug|x64
		{BB90B2AC-6670-42F1-9F9C-233F5C5DDF45}.Debug|x64.Build.0 = Debug|x64
		{BB90B2AC-6670-42F1-9F9C-233F5C5DDF45}.Debug|x86.ActiveCfg = Debug|Win32
		{BB90B2AC-6670-42F1-9F9C-233F5C5DDF45}.Debug|x86.Build.0 = Debug|Win32
		{BB90B2AC-6670-42F1-9F9C-233F5C5DDF45}.Release|x64.ActiveCfg = Release|x64
		{BB90B2AC-6670-42F1-9F9C-233F5C5DDF45}.Release|x64.Build.0 = Release|x64
		{BB90B2AC-6670-42F1-9F9C-233F5C5DDF45}.Release|x86.ActiveCfg = Release|Win32
		{BB90B2AC-6670-42F1-9F9C-233F5C5DDF45}.Release|x86.Build.0 = Release|Win32
		{27F3B4CC-32B9-445F-9E6E-CCC0F7A06077}.Debug|x64.ActiveCfg = Debug|x64
		{27F3B4CC-32B9-445F-9E6E-CCC0F7A06077}.Debug|x64.Build.0 = Debug|x64
		{27F3B4CC-32B9-445F-9E6E-CCC0F7A06077}.Debug|x86.ActiveCfg = Debug|Win32
		{27F3B4CC-32B9-445F-9E6E-CCC0F7A06077}.Debug|x86.Build.0 = Debug|Win32
		{27F3B4CC-32B9-445F-9E6E-CCC0F7A06077}.Release|x64.ActiveCfg = Release|x64
		{27F3B4CC-32B9-445F-9E6E-CCC0F7A06077}.Release|x64.Build.0 = Release|x64
		{27F3B4CC-32B9-445F-9E6E-CCC0F7A06077}.Release|x86.ActiveCfg = Release|Win32
		{27F3B4CC-32B9-445F-9E6E-CCC0F7A06077}.Release|x86.Build.0 = Release|Win32
		{CB4DF0BF-2878-4250-9C8E-A3BACFD772CB}.Debug|x64.ActiveCfg = Debug|x64
		{CB4DF0BF-2878-4250-9C8E-A3BACFD772CB}.Debug|x64.Build.0 = Debug|x64
		{CB4DF0BF-2878-4250-9C8E-A3BACFD772CB}.Debug|x86.ActiveCfg = Debug|Win32
		{CB4DF0BF-2878-4250-9C8E-A3BACFD772CB}.Debug|x86.Build.0 = Debug|Win32
		{CB4DF0BF-2878-4250-9C8E-A3BACFD772CB}.Release|x64.ActiveCfg = Release|x64
		{CB4DF0BF-2878-4250-9C8E-A3BACFD772CB}.Release|x64.Build.0 = Release|x64
		{CB4DF0BF-2878-4250-9C8E-A3BACFD772CB}.Release|x86.ActiveCfg = Release|Win32
		{CB4DF0BF-2878-4250-9C8E-A3BACFD772CB}.Release|x86.Build.0 = Release|Win32
		{7568E75F-B2DB-40FC-81C3-9826F25D55D0}.Debug|x64.ActiveCfg = Debug|x64
		{7568E75F-B2DB-40FC-81C3-9826F25D55D0}.Debug|x64.Build.0 = Debug|x64
		{7568E75F-B2DB-40FC-81C3-9826F25D55D0}.Debug|x86.ActiveCfg = Debug|Win32
		{7568E75F-B2DB-40FC-81C3-9826F25D55D0}.Debug|x86.Build.0 = Debug|Win32
		{7568E75F-B2DB-40FC-81C3-9826F25D55D0}.Release|x64.ActiveCfg = Release|x64
		{7568E75F-B2DB-40FC-81C3-9826F25D55D0}.Release|x64.Build.0 = Release|x64
		{7568E75F-B2DB-40FC-81C3-9826F25D55D0}.Release|x86.ActiveCfg = Release|Win32
		{7568E75F-B2DB-40FC-81C3-9826F25D55D0}.Release|x86.Build.0 = Release|Win32
		{700A3FB9-F373-4514-994D-B83A8F336FDC}.Debug|x64.ActiveCfg = Debug|x64
		{700A3FB9-F373-4514-994D-B83A8F336FDC}.Debug|x64.Build.0 = Debug|x64
		{700A3FB9-F373-4514-994D-B83A8F336FDC}.Debug|x86.ActiveCfg = Debug|Win32
		{700A3FB9-F373-4514-994D-B83A8F336FDC}.Debug|x86.Build.0 = Debug|Win32
		{700A3FB9-F373-4514-994D-B83A8F336FDC}.Release|x64.ActiveCfg = Release|x64
		{700A3FB9-F373-4514-994D-B83A8F336FDC}.Release|x64.Build.0 = Release|x64
		{700A3FB9-F373-4514-994D-B83A8F336FDC}.Release|x86.ActiveCfg = Release|Win32
		{700A3FB9-F373-4514-994D-B83A8F336FDC}.Release|x86.Build.0 = Release|Win32
		{FC5AB3D6-1199-43AC-AF8B-51821F2C9359}.Debug|x64.ActiveCfg = Debug|x64
		{FC5AB3D6-1199-43AC-AF8B-51821F2C9359}.Debug|x64.Build.0 = Debug|x64
		{FC5AB3D6-1199-43AC-AF8B-51821F2C9359}.Debug|x86.ActiveCfg = Debug|Win32
		{FC5AB3D6-1199-43AC-AF8B-51821F2C9359}.Debug|x86.Build.0 = Debug|Win32
		{FC5AB3D6-1199-43AC-AF8B-51821F2C9359}.Release|x64.ActiveCfg = Release|x64
		{FC5AB3D6-1199-43AC-AF8B-51821F2C9359}.Release|x64.Build.0 = Release|x64
		{FC5AB3D6-1199-43AC-AF8B-51821F2C9359}.Release|x86.ActiveCfg = Release|Win32
		{FC5AB3D6-1199-43AC-AF8B-51821F2C9359}.Release|x86.Build.0 = Release|Win32
		{16994A0E-E2A1-40E8-BF20-8F53E45C6A10}.Debug|x64.ActiveCfg = Debug|x64
		{16994A0E-E2A1-40E8-BF20-8F53E45C6A10}.Debug|x64.Build.0 = Debug|x64
		{16994A0E-E2A1-40E8-BF20-8F53E45C6A10}.Debug|x86.ActiveCfg = Debug|Win32
		{16994A0E-E2A1-40E8-BF20-8F53E45C6A10}.Debug|x86.Build.0 = Debug|Win32
		{16994A0E-E2A1-40E8-BF20-8F53E45C6A10}.Release|x64.ActiveCfg = Release|x64
		{16994A0E-E2A1-40E8-BF20-8F53E45C6A10}.Release|x64.Build.0 = Release|x64
		{16994A0E-E2A1-40E8-BF20-8F53E45C6A10}.Release|x86.ActiveCfg = Release|Win32
		{16994A0E-E2A1-40E8-BF20-8F53E45C6A10}.Release|x86.Build.0 = Release|Win32
		{B0CFFB33-F990-4877-85A9-C32B52FB9E28}.Debug|x64.ActiveCfg = Debug|x64
		{B0CFFB33-F990-4877-85A9-C32B52FB9E28}.Debug|x64.Build.0 = Debug|x64
		{B0CFFB33-F990-4877-85A9-C32B52FB9E28}.Debug|x86.ActiveCfg = Debug|Win32
		{B0CFFB33-F990-4877-85A9-C32B52FB9E28}.Debug|x86.Build.0 = Debug|Win32
		{B0CFFB33-F990-4877-85A9-C32B52FB9E28}.Release|x64.ActiveCfg = Release|x64
		{B0CFFB33-F990-4877-85A9-C32B52FB9E28}.Release|x64.Build.0 = Release|x64
		{B0CFFB33-F990-4877-85A9-C32B52FB9E28}.Release|x86.ActiveCfg = Release|Win32
		{B0CFFB33-F990-4877-85A9-C32B52FB9E28}.Release|x86.Build.0 = Release|Win32
		{C2117F39-928A-45E0-8661-B612D616DFE0}.Debug|x64.ActiveCfg = Debug|x64
		{C2117F39-928A-45E0-8661-B612D616DFE0}.Debug|x64.Build.0 = Debug|x64
		{C2117F39-928A-45E0-8661-B612D616DFE0}.Debug|x86.ActiveCfg = Debug|Win32
		{C2117F39-928A-45E0-8661-B612D616DFE0}.Debug|x86.Build.0 = Debug|Win32
		{C2117F39-928A-45E0-8661-B612D616DFE0}.Release|x64.ActiveCfg = Release|x64
		{C2117F39-928A-45E0-8661-B612D616DFE0}.Release|x64.Build.0 = Release|x64
		{C2117F39-928A-45E0-8661-B612D616DFE0}.Release|x86.ActiveCfg = Release|Win32
		{C2117F39-928A-45E0-8661-B612D616DFE0}.Release|x86.Build.0 = Release|Win32
		{DE8C801C-4F50-4C54-ABDE-DE871B6E9D9F}.Debug|x64.ActiveCfg = Debug|x64
		{DE8C801C-4F50-4C54-ABDE-DE871B6E9D9F}.Debug|x64.Build.0 = Debug|x64
		{DE8C801C-4F50-4C54-ABDE-DE871B6E9D9F}.Debug|x86.ActiveCfg = Debug|Win32
		{DE8C801C-4F50-4C54-ABDE-DE871B6E9D9F}.Debug|x86.Build.0 = Debug|Win32
		{DE8C801C-4F50-4C54-ABDE-DE871B6E9D9F}.Release|x64.ActiveCfg = Release|x64
		{DE8C801C-4F50-4C54-ABDE-DE871B6E9D9F}.Release|x64.Build.0 = Release|x64
		{DE8C801C-4F50-4C54-ABDE-DE871B6E9D9F}.Release|x86.ActiveCfg = Release|Win32
		{DE8C801C-4F50-4C54-ABDE-DE871B6E9D9F}.Release|x86.Build.0 = Release|Win32
		{7E6BC67E-DF94-4A4B-AD15-6E27754839E1}.Debug|x64.ActiveCfg = Debug|x64
		{7E6BC67E-DF94-4A4B-AD15-6E27754839E1}.Debug|x64.Build.0 = Debug|x64
		{7E6BC67E-DF94-4A4B-AD15-6E27754839E1}.Debug|x86.ActiveCfg = Debug|Win32
		{7E6BC67E-DF94-4A4B-AD15-6E27754839E1}.Debug|x86.Build.0 = Debug|Win32
		{7E6BC67E-DF94-4A4B-AD15-6E27754839E1}.Release|x64.ActiveCfg = Release|x64
		{7E6BC67E-DF94-4A4B-AD15-6E27754839E1}.Release|x64.Build.0 = Release|x64
		{7E6BC67E-DF94-4A4B-AD15-6E27754839E1}.Release|x86.ActiveCfg = Release|Win32
		{7E6BC67E-DF94-4A4B-AD15-6E27754839E1}.Release|x86.Build.0 = Release|Win32
		{4D60B01D-CF57-481C-A38E-DCDCB03EF60A}.Debug|x64.ActiveCfg = Debug|x64
		{4D60B01D-CF57-481C-A38E-DCDCB03EF60A}.Debug|x64.Build.0 = Debug|x64
		{4D60B01D-CF57-481C-A38E-DCDCB03EF60A}.Debug|x86.ActiveCfg = Debug|Win32
		{4D60B01D-CF57-481C-A38E-DCDCB03EF60A}.Debug|x86.Build.0 = Debug|Win32
		{4D60B01D-CF57-481C-A38E-DCDCB03EF60A}.Release|x64.ActiveCfg = Release|x64
		{4D60B01D-CF57-481C-A38E-DCDCB03EF60A}.Release|x64.Build.0 = Release|x64
		{4D60B01D-CF57-481C-A38E-DCDCB03EF60A}.Release|x86.ActiveCfg = Release|Win32
		{4D60B01D-CF57-481C-A38E-DCDCB03EF60A}.Release|x86.Build.0 = Release|Win32
		{9214D864-8DDE-4ADC-AB3E-EF8DA4FC737C}.Debug|x64.ActiveCfg = Debug|x64
		{9214D864-8DDE-4ADC-AB3E-EF8DA4FC737C}.Debug|x64.Build.0 = Debug|x64
		{9214D864-8DDE-4ADC-AB3E-EF8DA4FC737C}.Debug|x86.ActiveCfg = Debug|Win32
		{9214D864-8DDE-4ADC-AB3E-EF8DA4FC737C}.Debug|x86.Build.0 = Debug|Win32
		{9214D864-8DDE-4ADC-AB3E-EF8DA4FC737C}.Release|x64.ActiveCfg = Release|x64
		{9214D864-8DDE-4ADC-AB3E-EF8DA4FC737C}.Release|x64.Build.0 = Release|x64
		{9214D864-8DDE-4ADC-AB3E-EF8DA4FC737C}.Release|x86.ActiveCfg = Release|Win32
		{9214D864-8DDE-4ADC-AB3E-EF8DA4FC737C}.Release|x86.Build.0 = Release|Win32
	EndGlobalSection
	GlobalSection(SolutionProperties) = preSolution
		HideSolutionNode = FALSE
	EndGlobalSection
	GlobalSection(ExtensibilityGlobals) = postSolution
		SolutionGuid = {53D01FE2-ADEA-459E-9234-290A7AD00536}
	EndGlobalSection
EndGlobal
